
Microsoft Visual Studio Solution File, Format Version 12.00
# Visual Studio 15
VisualStudioVersion = 15.0.28010.2036
MinimumVisualStudioVersion = 10.0.40219.1
Project("{FAE04EC0-301F-11D3-BF4B-00C04F79EFBC}") = "Between_Two", "Between_Two\Between_Two.csproj", "{C61F26F1-EDFD-4368-9540-1E9E96606593}"
EndProject
Global
	GlobalSection(SolutionConfigurationPlatforms) = preSolution
		Debug|Any CPU = Debug|Any CPU
		Release|Any CPU = Release|Any CPU
	EndGlobalSection
	GlobalSection(ProjectConfigurationPlatforms) = postSolution
		{C61F26F1-EDFD-4368-9540-1E9E96606593}.Debug|Any CPU.ActiveCfg = Debug|Any CPU
		{C61F26F1-EDFD-4368-9540-1E9E96606593}.Debug|Any CPU.Build.0 = Debug|Any CPU
		{C61F26F1-EDFD-4368-9540-1E9E96606593}.Release|Any CPU.ActiveCfg = Release|Any CPU
		{C61F26F1-EDFD-4368-9540-1E9E96606593}.Release|Any CPU.Build.0 = Release|Any CPU
	EndGlobalSection
	GlobalSection(SolutionProperties) = preSolution
		HideSolutionNode = FALSE
	EndGlobalSection
	GlobalSection(ExtensibilityGlobals) = postSolution
		SolutionGuid = {AB58B6D0-72E3-48E9-8ACE-F3444C4AB252}
	EndGlobalSection
EndGlobal
